
Microsoft Visual Studio Solution File, Format Version 12.00
# Visual Studio 14
VisualStudioVersion = 14.0.23107.0
MinimumVisualStudioVersion = 10.0.40219.1
Project("{FAE04EC0-301F-11D3-BF4B-00C04F79EFBC}") = "Task1", "Task1\Task1.csproj", "{69C6B1E0-888D-454F-B98B-63510E690FB5}"
EndProject
Project("{FAE04EC0-301F-11D3-BF4B-00C04F79EFBC}") = "Task2", "Task2\Task2.csproj", "{3199739C-97E5-4FEE-8188-F62A946B9313}"
EndProject
Project("{FAE04EC0-301F-11D3-BF4B-00C04F79EFBC}") = "Task3", "Task3\Task3.csproj", "{EEB8C3AA-AA2A-4AD8-8538-DD83B50EC98F}"
EndProject
Project("{FAE04EC0-301F-11D3-BF4B-00C04F79EFBC}") = "Task4", "Task4\Task4.csproj", "{F7E37751-D491-49A2-B0AB-57E9784DC9AA}"
EndProject
Global
	GlobalSection(SolutionConfigurationPlatforms) = preSolution
		Debug|Any CPU = Debug|Any CPU
		Release|Any CPU = Release|Any CPU
	EndGlobalSection
	GlobalSection(ProjectConfigurationPlatforms) = postSolution
		{69C6B1E0-888D-454F-B98B-63510E690FB5}.Debug|Any CPU.ActiveCfg = Debug|Any CPU
		{69C6B1E0-888D-454F-B98B-63510E690FB5}.Debug|Any CPU.Build.0 = Debug|Any CPU
		{69C6B1E0-888D-454F-B98B-63510E690FB5}.Release|Any CPU.ActiveCfg = Release|Any CPU
		{69C6B1E0-888D-454F-B98B-63510E690FB5}.Release|Any CPU.Build.0 = Release|Any CPU
		{3199739C-97E5-4FEE-8188-F62A946B9313}.Debug|Any CPU.ActiveCfg = Debug|Any CPU
		{3199739C-97E5-4FEE-8188-F62A946B9313}.Debug|Any CPU.Build.0 = Debug|Any CPU
		{3199739C-97E5-4FEE-8188-F62A946B9313}.Release|Any CPU.ActiveCfg = Release|Any CPU
		{3199739C-97E5-4FEE-8188-F62A946B9313}.Release|Any CPU.Build.0 = Release|Any CPU
		{EEB8C3AA-AA2A-4AD8-8538-DD83B50EC98F}.Debug|Any CPU.ActiveCfg = Debug|Any CPU
		{EEB8C3AA-AA2A-4AD8-8538-DD83B50EC98F}.Debug|Any CPU.Build.0 = Debug|Any CPU
		{EEB8C3AA-AA2A-4AD8-8538-DD83B50EC98F}.Release|Any CPU.ActiveCfg = Release|Any CPU
		{EEB8C3AA-AA2A-4AD8-8538-DD83B50EC98F}.Release|Any CPU.Build.0 = Release|Any CPU
		{F7E37751-D491-49A2-B0AB-57E9784DC9AA}.Debug|Any CPU.ActiveCfg = Debug|Any CPU
		{F7E37751-D491-49A2-B0AB-57E9784DC9AA}.Debug|Any CPU.Build.0 = Debug|Any CPU
		{F7E37751-D491-49A2-B0AB-57E9784DC9AA}.Release|Any CPU.ActiveCfg = Release|Any CPU
		{F7E37751-D491-49A2-B0AB-57E9784DC9AA}.Release|Any CPU.Build.0 = Release|Any CPU
	EndGlobalSection
	GlobalSection(SolutionProperties) = preSolution
		HideSolutionNode = FALSE
	EndGlobalSection
EndGlobal
